<?xml version="1.0" encoding="utf-8"?>
<Project ToolsVersion="4.0" xmlns="http://schemas.microsoft.com/developer/msbuild/2003">
  <ItemGroup>
    <Filter Include="소스 파일">
      <UniqueIdentifier>{4FC737F1-C7A5-4376-A066-2A32D752A2FF}</UniqueIdentifier>
      <Extensions>cpp;c;cc;cxx;c++;cppm;ixx;def;odl;idl;hpj;bat;asm;asmx</Extensions>
    </Filter>
    <Filter Include="헤더 파일">
      <UniqueIdentifier>{93995380-89BD-4b04-88EB-625FBE52EBFB}</UniqueIdentifier>
      <Extensions>h;hh;hpp;hxx;h++;hm;inl;inc;ipp;xsd</Extensions>
    </Filter>
    <Filter Include="리소스 파일">
      <UniqueIdentifier>{67DA6AB6-F800-4c08-8B7A-83BB121AAD01}</UniqueIdentifier>
      <Extensions>rc;ico;cur;bmp;dlg;rc2;rct;bin;rgs;gif;jpg;jpeg;jpe;resx;tiff;tif;png;wav;mfcribbon-ms</Extensions>
    </Filter>
    <Filter Include="00. MainGame">
      <UniqueIdentifier>{cff15522-8a53-4530-8410-829768f27ab9}</UniqueIdentifier>
    </Filter>
    <Filter Include="01. Obj">
      <UniqueIdentifier>{e9d265a7-3b82-4fea-bc16-6b19e5ba3904}</UniqueIdentifier>
    </Filter>
    <Filter Include="01. Obj\00. Player">
      <UniqueIdentifier>{bb4708d6-a5d2-474c-8ab1-a007e26be409}</UniqueIdentifier>
    </Filter>
    <Filter Include="01. Obj\01. Bullet">
      <UniqueIdentifier>{5af4f8c4-65b9-45cd-bb44-a9b879161b19}</UniqueIdentifier>
    </Filter>
    <Filter Include="02. Design">
      <UniqueIdentifier>{f1321deb-a12a-48d9-9979-7d85f7473fef}</UniqueIdentifier>
    </Filter>
    <Filter Include="02. Design\00. AbsractFactory">
      <UniqueIdentifier>{167cfc6d-a622-44b5-a7c5-6700db2e68b1}</UniqueIdentifier>
    </Filter>
    <Filter Include="01. Obj\02. Monster">
      <UniqueIdentifier>{c23f2a6d-48a7-4ecc-8861-c2878adefc8f}</UniqueIdentifier>
    </Filter>
    <Filter Include="02. Design\01. CollisionMgr">
      <UniqueIdentifier>{577ed7e7-51a3-4916-a97b-8198a9a66358}</UniqueIdentifier>
    </Filter>
    <Filter Include="01. Obj\03. Mouse">
      <UniqueIdentifier>{5e2b09e4-8d28-4c5a-98d9-1220f37b2489}</UniqueIdentifier>
    </Filter>
    <Filter Include="01. Obj\04. Shield">
      <UniqueIdentifier>{6c445990-5685-4fa7-915a-9fc432c93e6a}</UniqueIdentifier>
    </Filter>
    <Filter Include="01. Obj\01. Bullet\00. ScrewBullet">
      <UniqueIdentifier>{7b8977ed-520c-460b-b97a-d187599cc3cd}</UniqueIdentifier>
    </Filter>
    <Filter Include="02. Design\02. ObjMgr">
      <UniqueIdentifier>{ba266fda-5783-450f-b74f-f72ee96e32e3}</UniqueIdentifier>
    </Filter>
    <Filter Include="01. Obj\01. Bullet\01. GuideBullet">
      <UniqueIdentifier>{f5b36f0d-fcd4-475c-9e40-f8ced2b34e63}</UniqueIdentifier>
    </Filter>
    <Filter Include="02. Design\03. LineMgr">
      <UniqueIdentifier>{0d0a9b06-8e65-4c2d-ad42-766708052529}</UniqueIdentifier>
    </Filter>
    <Filter Include="02. Design\03. LineMgr\Line">
      <UniqueIdentifier>{08376525-2515-4b75-94ae-e7b050ed0a49}</UniqueIdentifier>
    </Filter>
    <Filter Include="02. Design\04. KeyMgr">
      <UniqueIdentifier>{2f469080-8c62-4598-8e97-d7e003c02b96}</UniqueIdentifier>
    </Filter>
    <Filter Include="02. Design\05. ScrollMgr">
      <UniqueIdentifier>{a4036f3a-85e7-4889-9dd7-42556bddc91a}</UniqueIdentifier>
    </Filter>
    <Filter Include="02. Design\06. BmpMgr">
      <UniqueIdentifier>{ed041fc7-abb3-41fb-bd13-0873e63e49cf}</UniqueIdentifier>
    </Filter>
    <Filter Include="02. Design\06. BmpMgr\MyBmp">
      <UniqueIdentifier>{4e32be2f-0233-45f2-943c-7543d2b7a7ab}</UniqueIdentifier>
    </Filter>
    <Filter Include="02. Design\07. SceneMgr">
      <UniqueIdentifier>{7c79725d-fc6a-4b1e-bc45-9dfb9e9c9916}</UniqueIdentifier>
    </Filter>
    <Filter Include="02. Design\07. SceneMgr\Scene">
      <UniqueIdentifier>{f5bf5f51-4d9d-4c7c-8731-4a47a156df45}</UniqueIdentifier>
    </Filter>
    <Filter Include="03. Scene">
      <UniqueIdentifier>{95ad3ebe-680a-49f0-aed0-937b9a357ebb}</UniqueIdentifier>
    </Filter>
    <Filter Include="03. Scene\00. Logo">
      <UniqueIdentifier>{245ec265-7baa-4ef9-afa4-ba50fdc4432c}</UniqueIdentifier>
    </Filter>
    <Filter Include="03. Scene\01. Menu">
      <UniqueIdentifier>{3be19b2d-4d43-404c-9dc9-9c1b17ad5f71}</UniqueIdentifier>
    </Filter>
    <Filter Include="03. Scene\02. Edit">
      <UniqueIdentifier>{eb23420f-ba20-46d4-a103-e586ad8db5fc}</UniqueIdentifier>
    </Filter>
    <Filter Include="03. Scene\03. Stage">
      <UniqueIdentifier>{0749fcf5-9509-422c-a990-fd3db1978e9a}</UniqueIdentifier>
    </Filter>
    <Filter Include="01. Obj\05. Button">
      <UniqueIdentifier>{b87d714a-4b93-450a-b6fc-2cd5c3a5ab37}</UniqueIdentifier>
    </Filter>
    <Filter Include="02. Design\07. TileMgr">
      <UniqueIdentifier>{796226a1-d17f-4598-9e42-a098c79c2e10}</UniqueIdentifier>
    </Filter>
    <Filter Include="02. Design\07. TileMgr\Tile">
      <UniqueIdentifier>{603e30a0-75e9-4657-8ba1-3fc552df4384}</UniqueIdentifier>
    </Filter>
  </ItemGroup>
  <ItemGroup>
    <ClInclude Include="framework.h">
      <Filter>헤더 파일</Filter>
    </ClInclude>
    <ClInclude Include="targetver.h">
      <Filter>헤더 파일</Filter>
    </ClInclude>
    <ClInclude Include="Resource.h">
      <Filter>헤더 파일</Filter>
    </ClInclude>
    <ClInclude Include="DefaultWindow.h">
      <Filter>헤더 파일</Filter>
    </ClInclude>
    <ClInclude Include="pch.h">
      <Filter>헤더 파일</Filter>
    </ClInclude>
    <ClInclude Include="CMainGame.h">
      <Filter>00. MainGame</Filter>
    </ClInclude>
    <ClInclude Include="Define.h">
      <Filter>헤더 파일</Filter>
    </ClInclude>
    <ClInclude Include="CObj.h">
      <Filter>01. Obj</Filter>
    </ClInclude>
    <ClInclude Include="CPlayer.h">
      <Filter>01. Obj\00. Player</Filter>
    </ClInclude>
    <ClInclude Include="CBullet.h">
      <Filter>01. Obj\01. Bullet</Filter>
    </ClInclude>
    <ClInclude Include="CAbstractFactory.h">
      <Filter>02. Design\00. AbsractFactory</Filter>
    </ClInclude>
    <ClInclude Include="CMonster.h">
      <Filter>01. Obj\02. Monster</Filter>
    </ClInclude>
    <ClInclude Include="CCollisionMgr.h">
      <Filter>02. Design\01. CollisionMgr</Filter>
    </ClInclude>
    <ClInclude Include="CMouse.h">
      <Filter>01. Obj\03. Mouse</Filter>
    </ClInclude>
    <ClInclude Include="CShield.h">
      <Filter>01. Obj\04. Shield</Filter>
    </ClInclude>
    <ClInclude Include="CScrewBullet.h">
      <Filter>01. Obj\01. Bullet\00. ScrewBullet</Filter>
    </ClInclude>
    <ClInclude Include="CObjMgr.h">
      <Filter>02. Design\02. ObjMgr</Filter>
    </ClInclude>
    <ClInclude Include="CGuideBullet.h">
      <Filter>01. Obj\01. Bullet\01. GuideBullet</Filter>
    </ClInclude>
    <ClInclude Include="CLine.h">
      <Filter>02. Design\03. LineMgr\Line</Filter>
    </ClInclude>
    <ClInclude Include="CLineMgr.h">
      <Filter>02. Design\03. LineMgr</Filter>
    </ClInclude>
    <ClInclude Include="CKeyMgr.h">
      <Filter>02. Design\04. KeyMgr</Filter>
    </ClInclude>
    <ClInclude Include="CScrollMgr.h">
      <Filter>02. Design\05. ScrollMgr</Filter>
    </ClInclude>
    <ClInclude Include="CMyBmp.h">
      <Filter>02. Design\06. BmpMgr\MyBmp</Filter>
    </ClInclude>
    <ClInclude Include="CBmpMgr.h">
      <Filter>02. Design\06. BmpMgr</Filter>
    </ClInclude>
    <ClInclude Include="CSceneMgr.h">
      <Filter>02. Design\07. SceneMgr</Filter>
    </ClInclude>
    <ClInclude Include="CScene.h">
      <Filter>02. Design\07. SceneMgr\Scene</Filter>
    </ClInclude>
    <ClInclude Include="CLogo.h">
      <Filter>03. Scene\00. Logo</Filter>
    </ClInclude>
    <ClInclude Include="CMenu.h">
      <Filter>03. Scene\01. Menu</Filter>
    </ClInclude>
    <ClInclude Include="CButton.h">
      <Filter>01. Obj\05. Button</Filter>
    </ClInclude>
    <ClInclude Include="CStage.h">
      <Filter>03. Scene\03. Stage</Filter>
    </ClInclude>
    <ClInclude Include="CTileMgr.h">
      <Filter>02. Design\07. TileMgr</Filter>
    </ClInclude>
    <ClInclude Include="CTile.h">
      <Filter>02. Design\07. TileMgr\Tile</Filter>
    </ClInclude>
    <ClInclude Include="CEdit.h">
      <Filter>03. Scene\02. Edit</Filter>
    </ClInclude>
  </ItemGroup>
  <ItemGroup>
    <ClCompile Include="DefaultWindow.cpp">
      <Filter>소스 파일</Filter>
    </ClCompile>
    <ClCompile Include="pch.cpp">
      <Filter>소스 파일</Filter>
    </ClCompile>
    <ClCompile Include="CMainGame.cpp">
      <Filter>00. MainGame</Filter>
    </ClCompile>
    <ClCompile Include="CObj.cpp">
      <Filter>01. Obj</Filter>
    </ClCompile>
    <ClCompile Include="CPlayer.cpp">
      <Filter>01. Obj\00. Player</Filter>
    </ClCompile>
    <ClCompile Include="CBullet.cpp">
      <Filter>01. Obj\01. Bullet</Filter>
    </ClCompile>
    <ClCompile Include="CMonster.cpp">
      <Filter>01. Obj\02. Monster</Filter>
    </ClCompile>
    <ClCompile Include="CCollisionMgr.cpp">
      <Filter>02. Design\01. CollisionMgr</Filter>
    </ClCompile>
    <ClCompile Include="CMouse.cpp">
      <Filter>01. Obj\03. Mouse</Filter>
    </ClCompile>
    <ClCompile Include="CShield.cpp">
      <Filter>01. Obj\04. Shield</Filter>
    </ClCompile>
    <ClCompile Include="CScrewBullet.cpp">
      <Filter>01. Obj\01. Bullet\00. ScrewBullet</Filter>
    </ClCompile>
    <ClCompile Include="CObjMgr.cpp">
      <Filter>02. Design\02. ObjMgr</Filter>
    </ClCompile>
    <ClCompile Include="CGuideBullet.cpp">
      <Filter>01. Obj\01. Bullet\01. GuideBullet</Filter>
    </ClCompile>
    <ClCompile Include="CLine.cpp">
      <Filter>02. Design\03. LineMgr\Line</Filter>
    </ClCompile>
    <ClCompile Include="CLineMgr.cpp">
      <Filter>02. Design\03. LineMgr</Filter>
    </ClCompile>
    <ClCompile Include="CKeyMgr.cpp">
      <Filter>02. Design\04. KeyMgr</Filter>
    </ClCompile>
    <ClCompile Include="CScrollMgr.cpp">
      <Filter>02. Design\05. ScrollMgr</Filter>
    </ClCompile>
    <ClCompile Include="CMyBmp.cpp">
      <Filter>02. Design\06. BmpMgr\MyBmp</Filter>
    </ClCompile>
    <ClCompile Include="CBmpMgr.cpp">
      <Filter>02. Design\06. BmpMgr</Filter>
    </ClCompile>
    <ClCompile Include="CSceneMgr.cpp">
      <Filter>02. Design\07. SceneMgr</Filter>
    </ClCompile>
    <ClCompile Include="CScene.cpp">
      <Filter>02. Design\07. SceneMgr\Scene</Filter>
    </ClCompile>
    <ClCompile Include="CLogo.cpp">
      <Filter>03. Scene\00. Logo</Filter>
    </ClCompile>
    <ClCompile Include="CMenu.cpp">
      <Filter>03. Scene\01. Menu</Filter>
    </ClCompile>
    <ClCompile Include="CButton.cpp">
      <Filter>01. Obj\05. Button</Filter>
    </ClCompile>
    <ClCompile Include="CStage.cpp">
      <Filter>03. Scene\03. Stage</Filter>
    </ClCompile>
    <ClCompile Include="CTileMgr.cpp">
      <Filter>02. Design\07. TileMgr</Filter>
    </ClCompile>
    <ClCompile Include="CTile.cpp">
      <Filter>02. Design\07. TileMgr\Tile</Filter>
    </ClCompile>
    <ClCompile Include="CEdit.cpp">
      <Filter>03. Scene\02. Edit</Filter>
    </ClCompile>
  </ItemGroup>
  <ItemGroup>
    <ResourceCompile Include="DefaultWindow.rc">
      <Filter>리소스 파일</Filter>
    </ResourceCompile>
  </ItemGroup>
  <ItemGroup>
    <Image Include="small.ico">
      <Filter>리소스 파일</Filter>
    </Image>
    <Image Include="DefaultWindow.ico">
      <Filter>리소스 파일</Filter>
    </Image>
  </ItemGroup>
</Project>